
Microsoft Visual Studio Solution File, Format Version 12.00
# Visual Studio Version 17
VisualStudioVersion = 17.10.35013.160
MinimumVisualStudioVersion = 10.0.40219.1
Project("{FAE04EC0-301F-11D3-BF4B-00C04F79EFBC}") = "PrimeraAppMaui", "PrimeraAppMaui\PrimeraAppMaui.csproj", "{36AE0123-60B0-4AB5-8917-3C8309052A58}"
EndProject
Global
	GlobalSection(SolutionConfigurationPlatforms) = preSolution
		Debug|Any CPU = Debug|Any CPU
		Release|Any CPU = Release|Any CPU
	EndGlobalSection
	GlobalSection(ProjectConfigurationPlatforms) = postSolution
		{36AE0123-60B0-4AB5-8917-3C8309052A58}.Debug|Any CPU.ActiveCfg = Debug|Any CPU
		{36AE0123-60B0-4AB5-8917-3C8309052A58}.Debug|Any CPU.Build.0 = Debug|Any CPU
		{36AE0123-60B0-4AB5-8917-3C8309052A58}.Debug|Any CPU.Deploy.0 = Debug|Any CPU
		{36AE0123-60B0-4AB5-8917-3C8309052A58}.Release|Any CPU.ActiveCfg = Release|Any CPU
		{36AE0123-60B0-4AB5-8917-3C8309052A58}.Release|Any CPU.Build.0 = Release|Any CPU
		{36AE0123-60B0-4AB5-8917-3C8309052A58}.Release|Any CPU.Deploy.0 = Release|Any CPU
	EndGlobalSection
	GlobalSection(SolutionProperties) = preSolution
		HideSolutionNode = FALSE
	EndGlobalSection
	GlobalSection(ExtensibilityGlobals) = postSolution
		SolutionGuid = {7FEDA9D1-E5DB-43EC-B522-0A0C398600DA}
	EndGlobalSection
EndGlobal
